
Microsoft Visual Studio Solution File, Format Version 12.00
# Visual Studio 15
VisualStudioVersion = 15.0.28307.1022
MinimumVisualStudioVersion = 10.0.40219.1
Project("{FAE04EC0-301F-11D3-BF4B-00C04F79EFBC}") = "CheckExistCard", "CheckExistCard\CheckExistCard.csproj", "{EB80BAE9-EEEF-48DB-A391-F5DEC8F18976}"
EndProject
Global
	GlobalSection(SolutionConfigurationPlatforms) = preSolution
		Debug|Any CPU = Debug|Any CPU
		Release|Any CPU = Release|Any CPU
	EndGlobalSection
	GlobalSection(ProjectConfigurationPlatforms) = postSolution
		{EB80BAE9-EEEF-48DB-A391-F5DEC8F18976}.Debug|Any CPU.ActiveCfg = Debug|Any CPU
		{EB80BAE9-EEEF-48DB-A391-F5DEC8F18976}.Debug|Any CPU.Build.0 = Debug|Any CPU
		{EB80BAE9-EEEF-48DB-A391-F5DEC8F18976}.Release|Any CPU.ActiveCfg = Release|Any CPU
		{EB80BAE9-EEEF-48DB-A391-F5DEC8F18976}.Release|Any CPU.Build.0 = Release|Any CPU
	EndGlobalSection
	GlobalSection(SolutionProperties) = preSolution
		HideSolutionNode = FALSE
	EndGlobalSection
	GlobalSection(ExtensibilityGlobals) = postSolution
		SolutionGuid = {7B61AA37-EE28-40FF-8A46-9BA5EAB9EE42}
	EndGlobalSection
EndGlobal
